
Microsoft Visual Studio Solution File, Format Version 12.00
# Visual Studio Version 17
VisualStudioVersion = 17.10.35027.167
MinimumVisualStudioVersion = 10.0.40219.1
Project("{FAE04EC0-301F-11D3-BF4B-00C04F79EFBC}") = "FavoriteMovies", "FavoriteMovies.csproj", "{AE78EAC1-6577-430F-B27D-2A01DACBCE85}"
EndProject
Global
	GlobalSection(SolutionConfigurationPlatforms) = preSolution
		Debug|Any CPU = Debug|Any CPU
		Release|Any CPU = Release|Any CPU
	EndGlobalSection
	GlobalSection(ProjectConfigurationPlatforms) = postSolution
		{AE78EAC1-6577-430F-B27D-2A01DACBCE85}.Debug|Any CPU.ActiveCfg = Debug|Any CPU
		{AE78EAC1-6577-430F-B27D-2A01DACBCE85}.Debug|Any CPU.Build.0 = Debug|Any CPU
		{AE78EAC1-6577-430F-B27D-2A01DACBCE85}.Release|Any CPU.ActiveCfg = Release|Any CPU
		{AE78EAC1-6577-430F-B27D-2A01DACBCE85}.Release|Any CPU.Build.0 = Release|Any CPU
	EndGlobalSection
	GlobalSection(SolutionProperties) = preSolution
		HideSolutionNode = FALSE
	EndGlobalSection
	GlobalSection(ExtensibilityGlobals) = postSolution
		SolutionGuid = {B248A9C5-9862-4EFE-AF9D-BC013AED99A5}
	EndGlobalSection
EndGlobal
