
Microsoft Visual Studio Solution File, Format Version 12.00
# Visual Studio Version 17
VisualStudioVersion = 17.10.35027.167
MinimumVisualStudioVersion = 10.0.40219.1
Project("{FAE04EC0-301F-11D3-BF4B-00C04F79EFBC}") = "ClassPlay", "ClassPlay.csproj", "{FBA30924-99A7-4D7A-B8DE-2E9425A3BEF0}"
EndProject
Global
	GlobalSection(SolutionConfigurationPlatforms) = preSolution
		Debug|Any CPU = Debug|Any CPU
		Release|Any CPU = Release|Any CPU
	EndGlobalSection
	GlobalSection(ProjectConfigurationPlatforms) = postSolution
		{FBA30924-99A7-4D7A-B8DE-2E9425A3BEF0}.Debug|Any CPU.ActiveCfg = Debug|Any CPU
		{FBA30924-99A7-4D7A-B8DE-2E9425A3BEF0}.Debug|Any CPU.Build.0 = Debug|Any CPU
		{FBA30924-99A7-4D7A-B8DE-2E9425A3BEF0}.Release|Any CPU.ActiveCfg = Release|Any CPU
		{FBA30924-99A7-4D7A-B8DE-2E9425A3BEF0}.Release|Any CPU.Build.0 = Release|Any CPU
	EndGlobalSection
	GlobalSection(SolutionProperties) = preSolution
		HideSolutionNode = FALSE
	EndGlobalSection
	GlobalSection(ExtensibilityGlobals) = postSolution
		SolutionGuid = {20050CBE-DE1D-4FF9-A120-93B013530B0F}
	EndGlobalSection
EndGlobal
