
Microsoft Visual Studio Solution File, Format Version 12.00
# Visual Studio Version 17
VisualStudioVersion = 17.10.35027.167
MinimumVisualStudioVersion = 10.0.40219.1
Project("{9A19103F-16F7-4668-BE54-9A1E7A4F7556}") = "LocalGym", "LocalGym\LocalGym.csproj", "{AC507F26-7450-46B3-99BE-D4701719FCDD}"
EndProject
Global
	GlobalSection(SolutionConfigurationPlatforms) = preSolution
		Debug|Any CPU = Debug|Any CPU
		Release|Any CPU = Release|Any CPU
	EndGlobalSection
	GlobalSection(ProjectConfigurationPlatforms) = postSolution
		{AC507F26-7450-46B3-99BE-D4701719FCDD}.Debug|Any CPU.ActiveCfg = Debug|Any CPU
		{AC507F26-7450-46B3-99BE-D4701719FCDD}.Debug|Any CPU.Build.0 = Debug|Any CPU
		{AC507F26-7450-46B3-99BE-D4701719FCDD}.Release|Any CPU.ActiveCfg = Release|Any CPU
		{AC507F26-7450-46B3-99BE-D4701719FCDD}.Release|Any CPU.Build.0 = Release|Any CPU
	EndGlobalSection
	GlobalSection(SolutionProperties) = preSolution
		HideSolutionNode = FALSE
	EndGlobalSection
	GlobalSection(ExtensibilityGlobals) = postSolution
		SolutionGuid = {18211C11-C9E0-435E-AD0B-D2BDCE226B28}
	EndGlobalSection
EndGlobal
