
Microsoft Visual Studio Solution File, Format Version 12.00
# Visual Studio Version 17
VisualStudioVersion = 17.10.35027.167
MinimumVisualStudioVersion = 10.0.40219.1
Project("{FAE04EC0-301F-11D3-BF4B-00C04F79EFBC}") = "day2 exercise4", "day2 exercise4.csproj", "{AA6077BA-C3D4-46D5-89C5-68681416F60F}"
EndProject
Global
	GlobalSection(SolutionConfigurationPlatforms) = preSolution
		Debug|Any CPU = Debug|Any CPU
		Release|Any CPU = Release|Any CPU
	EndGlobalSection
	GlobalSection(ProjectConfigurationPlatforms) = postSolution
		{AA6077BA-C3D4-46D5-89C5-68681416F60F}.Debug|Any CPU.ActiveCfg = Debug|Any CPU
		{AA6077BA-C3D4-46D5-89C5-68681416F60F}.Debug|Any CPU.Build.0 = Debug|Any CPU
		{AA6077BA-C3D4-46D5-89C5-68681416F60F}.Release|Any CPU.ActiveCfg = Release|Any CPU
		{AA6077BA-C3D4-46D5-89C5-68681416F60F}.Release|Any CPU.Build.0 = Release|Any CPU
	EndGlobalSection
	GlobalSection(SolutionProperties) = preSolution
		HideSolutionNode = FALSE
	EndGlobalSection
	GlobalSection(ExtensibilityGlobals) = postSolution
		SolutionGuid = {623C41F7-098E-4B69-8F56-65CA80450275}
	EndGlobalSection
EndGlobal
